
Microsoft Visual Studio Solution File, Format Version 12.00
# Visual Studio Version 17
VisualStudioVersion = 17.3.32929.385
MinimumVisualStudioVersion = 10.0.40219.1
Project("{FAE04EC0-301F-11D3-BF4B-00C04F79EFBC}") = "Kursova_D2", "Kursova_D2\Kursova_D2.csproj", "{4D013C59-5DCC-4E1D-8CA1-58BC9403BA72}"
EndProject
Global
	GlobalSection(SolutionConfigurationPlatforms) = preSolution
		Debug|Any CPU = Debug|Any CPU
		Release|Any CPU = Release|Any CPU
	EndGlobalSection
	GlobalSection(ProjectConfigurationPlatforms) = postSolution
		{4D013C59-5DCC-4E1D-8CA1-58BC9403BA72}.Debug|Any CPU.ActiveCfg = Debug|Any CPU
		{4D013C59-5DCC-4E1D-8CA1-58BC9403BA72}.Debug|Any CPU.Build.0 = Debug|Any CPU
		{4D013C59-5DCC-4E1D-8CA1-58BC9403BA72}.Release|Any CPU.ActiveCfg = Release|Any CPU
		{4D013C59-5DCC-4E1D-8CA1-58BC9403BA72}.Release|Any CPU.Build.0 = Release|Any CPU
	EndGlobalSection
	GlobalSection(SolutionProperties) = preSolution
		HideSolutionNode = FALSE
	EndGlobalSection
	GlobalSection(ExtensibilityGlobals) = postSolution
		SolutionGuid = {1A026A8D-0038-41F6-B21E-27E61EA99C9E}
	EndGlobalSection
EndGlobal
